github.com/go-ego/gse v0.70.2 h1:y2UMOHJMtI+0b2GjxTtQfKON5DMmlyX1hOQHTo8UVVs=
github.com/go-ego/gse v0.70.2/go.mod h1:kesekpZfcFQ/kwd9b27VZHUOH5dQUjaaQUZ4OGt4Hj4=
github.com/mattn/go-sqlite3 v1.14.14 h1:qZgc/Rwetq+MtyE18WhzjokPD93dNqLGNT3QJuLvBGw=
github.com/mattn/go-sqlite3 v1.14.14/go.mod h1:NyWgC/yNuGj7Q9rpYnZvas74GogHl5/Z4A/KQRfk6bU=
github.com/pkg/errors v0.9.1 h1:FEBLx1zS214owpjy7qsBeixbURkuhQAwrK5UwLGTwt4=
github.com/pkg/errors v0.9.1/go.mod h1:bwawxfHBFNV+L2hUp1rHADufV3IMtnDRdf1r5NINEl0=
github.com/vcaesar/cedar v0.20.1 h1:cDOmYWdprO7ZW8cngJrDi8Zivnscj9dA/y8Y+2SB1P0=
github.com/vcaesar/cedar v0.20.1/go.mod h1:iMDweyuW76RvSrCkQeZeQk4iCbshiPzcCvcGCtpM7iI=
github.com/vcaesar/tt v0.20.0 h1:9t2Ycb9RNHcP0WgQgIaRKJBB+FrRdejuaL6uWIHuoBA=
